
Microsoft Visual Studio Solution File, Format Version 12.00
# Visual Studio Version 16
VisualStudioVersion = 16.0.31205.134
MinimumVisualStudioVersion = 10.0.40219.1
Project("{FAE04EC0-301F-11D3-BF4B-00C04F79EFBC}") = "OpenTkControl", "OpenTkControl\OpenTkControl.csproj", "{06F9FD53-C287-4275-8B98-4B891EA3ABDD}"
EndProject
Project("{FAE04EC0-301F-11D3-BF4B-00C04F79EFBC}") = "OpenTkControlExamples", "OpenTkControlExample\OpenTkControlExamples.csproj", "{097A4564-77D3-497B-8B84-16E8222F164D}"
EndProject
Project("{FAE04EC0-301F-11D3-BF4B-00C04F79EFBC}") = "TestRenderer", "TestRender\TestRenderer.csproj", "{6998B769-6839-49F1-80D3-B345D99CFC44}"
EndProject
Project("{9A19103F-16F7-4668-BE54-9A1E7A4F7556}") = "WpfLibrary1", "WpfLibrary1\WpfLibrary1.csproj", "{C69AFE61-054C-45FA-B280-ACD392DB3565}"
EndProject
Global
	GlobalSection(SolutionConfigurationPlatforms) = preSolution
		Debug|Any CPU = Debug|Any CPU
		Release|Any CPU = Release|Any CPU
	EndGlobalSection
	GlobalSection(ProjectConfigurationPlatforms) = postSolution
		{06F9FD53-C287-4275-8B98-4B891EA3ABDD}.Debug|Any CPU.ActiveCfg = Debug|Any CPU
		{06F9FD53-C287-4275-8B98-4B891EA3ABDD}.Debug|Any CPU.Build.0 = Debug|Any CPU
		{06F9FD53-C287-4275-8B98-4B891EA3ABDD}.Release|Any CPU.ActiveCfg = Release|Any CPU
		{06F9FD53-C287-4275-8B98-4B891EA3ABDD}.Release|Any CPU.Build.0 = Release|Any CPU
		{097A4564-77D3-497B-8B84-16E8222F164D}.Debug|Any CPU.ActiveCfg = Debug|Any CPU
		{097A4564-77D3-497B-8B84-16E8222F164D}.Debug|Any CPU.Build.0 = Debug|Any CPU
		{097A4564-77D3-497B-8B84-16E8222F164D}.Release|Any CPU.ActiveCfg = Release|Any CPU
		{097A4564-77D3-497B-8B84-16E8222F164D}.Release|Any CPU.Build.0 = Release|Any CPU
		{6998B769-6839-49F1-80D3-B345D99CFC44}.Debug|Any CPU.ActiveCfg = Debug|Any CPU
		{6998B769-6839-49F1-80D3-B345D99CFC44}.Debug|Any CPU.Build.0 = Debug|Any CPU
		{6998B769-6839-49F1-80D3-B345D99CFC44}.Release|Any CPU.ActiveCfg = Release|Any CPU
		{6998B769-6839-49F1-80D3-B345D99CFC44}.Release|Any CPU.Build.0 = Release|Any CPU
		{C69AFE61-054C-45FA-B280-ACD392DB3565}.Debug|Any CPU.ActiveCfg = Debug|Any CPU
		{C69AFE61-054C-45FA-B280-ACD392DB3565}.Debug|Any CPU.Build.0 = Debug|Any CPU
		{C69AFE61-054C-45FA-B280-ACD392DB3565}.Release|Any CPU.ActiveCfg = Release|Any CPU
		{C69AFE61-054C-45FA-B280-ACD392DB3565}.Release|Any CPU.Build.0 = Release|Any CPU
	EndGlobalSection
	GlobalSection(SolutionProperties) = preSolution
		HideSolutionNode = FALSE
	EndGlobalSection
	GlobalSection(ExtensibilityGlobals) = postSolution
		SolutionGuid = {E273457C-C5F0-47E7-AC72-A5B2CF2EE42F}
	EndGlobalSection
EndGlobal
